
Microsoft Visual Studio Solution File, Format Version 12.00
# Visual Studio 15
VisualStudioVersion = 15.0.26730.10
MinimumVisualStudioVersion = 10.0.40219.1
Project("{D954291E-2A0B-460D-934E-DC6B0785DB48}") = "TSDtest", "TSDtest\TSDtest\TSDtest.shproj", "{6F7617F2-BBCE-4A6F-983E-9605C95A8C9C}"
EndProject
Project("{FAE04EC0-301F-11D3-BF4B-00C04F79EFBC}") = "TSDtest.Android", "TSDtest\TSDtest.Android\TSDtest.Android.csproj", "{C8296691-5447-46CB-BE6C-4E21692FF36E}"
EndProject
Project("{FAE04EC0-301F-11D3-BF4B-00C04F79EFBC}") = "TSDtest.iOS", "TSDtest\TSDtest.iOS\TSDtest.iOS.csproj", "{4B91D4A7-A512-47B6-8E5B-A4250A412AB7}"
EndProject
Project("{FAE04EC0-301F-11D3-BF4B-00C04F79EFBC}") = "TSDtest.UWP", "TSDtest\TSDtest.UWP\TSDtest.UWP.csproj", "{7ED4CD63-DC9E-4050-9EBD-98C050A46582}"
EndProject
Global
	GlobalSection(SharedMSBuildProjectFiles) = preSolution
		TSDtest\TSDtest\TSDtest.projitems*{4b91d4a7-a512-47b6-8e5b-a4250a412ab7}*SharedItemsImports = 4
		TSDtest\TSDtest\TSDtest.projitems*{6f7617f2-bbce-4a6f-983e-9605c95a8c9c}*SharedItemsImports = 13
		TSDtest\TSDtest\TSDtest.projitems*{c8296691-5447-46cb-be6c-4e21692ff36e}*SharedItemsImports = 4
	EndGlobalSection
	GlobalSection(SolutionConfigurationPlatforms) = preSolution
		Ad-Hoc|Any CPU = Ad-Hoc|Any CPU
		Ad-Hoc|ARM = Ad-Hoc|ARM
		Ad-Hoc|iPhone = Ad-Hoc|iPhone
		Ad-Hoc|iPhoneSimulator = Ad-Hoc|iPhoneSimulator
		Ad-Hoc|x64 = Ad-Hoc|x64
		Ad-Hoc|x86 = Ad-Hoc|x86
		AppStore|Any CPU = AppStore|Any CPU
		AppStore|ARM = AppStore|ARM
		AppStore|iPhone = AppStore|iPhone
		AppStore|iPhoneSimulator = AppStore|iPhoneSimulator
		AppStore|x64 = AppStore|x64
		AppStore|x86 = AppStore|x86
		Debug|Any CPU = Debug|Any CPU
		Debug|ARM = Debug|ARM
		Debug|iPhone = Debug|iPhone
		Debug|iPhoneSimulator = Debug|iPhoneSimulator
		Debug|x64 = Debug|x64
		Debug|x86 = Debug|x86
		Release|Any CPU = Release|Any CPU
		Release|ARM = Release|ARM
		Release|iPhone = Release|iPhone
		Release|iPhoneSimulator = Release|iPhoneSimulator
		Release|x64 = Release|x64
		Release|x86 = Release|x86
	EndGlobalSection
	GlobalSection(ProjectConfigurationPlatforms) = postSolution
		{C8296691-5447-46CB-BE6C-4E21692FF36E}.Ad-Hoc|Any CPU.ActiveCfg = Release|Any CPU
		{C8296691-5447-46CB-BE6C-4E21692FF36E}.Ad-Hoc|Any CPU.Build.0 = Release|Any CPU
		{C8296691-5447-46CB-BE6C-4E21692FF36E}.Ad-Hoc|Any CPU.Deploy.0 = Release|Any CPU
		{C8296691-5447-46CB-BE6C-4E21692FF36E}.Ad-Hoc|ARM.ActiveCfg = Release|Any CPU
		{C8296691-5447-46CB-BE6C-4E21692FF36E}.Ad-Hoc|ARM.Build.0 = Release|Any CPU
		{C8296691-5447-46CB-BE6C-4E21692FF36E}.Ad-Hoc|ARM.Deploy.0 = Release|Any CPU
		{C8296691-5447-46CB-BE6C-4E21692FF36E}.Ad-Hoc|iPhone.ActiveCfg = Release|Any CPU
		{C8296691-5447-46CB-BE6C-4E21692FF36E}.Ad-Hoc|iPhone.Build.0 = Release|Any CPU
		{C8296691-5447-46CB-BE6C-4E21692FF36E}.Ad-Hoc|iPhone.Deploy.0 = Release|Any CPU
		{C8296691-5447-46CB-BE6C-4E21692FF36E}.Ad-Hoc|iPhoneSimulator.ActiveCfg = Release|Any CPU
		{C8296691-5447-46CB-BE6C-4E21692FF36E}.Ad-Hoc|iPhoneSimulator.Build.0 = Release|Any CPU
		{C8296691-5447-46CB-BE6C-4E21692FF36E}.Ad-Hoc|iPhoneSimulator.Deploy.0 = Release|Any CPU
		{C8296691-5447-46CB-BE6C-4E21692FF36E}.Ad-Hoc|x64.ActiveCfg = Release|Any CPU
		{C8296691-5447-46CB-BE6C-4E21692FF36E}.Ad-Hoc|x64.Build.0 = Release|Any CPU
		{C8296691-5447-46CB-BE6C-4E21692FF36E}.Ad-Hoc|x64.Deploy.0 = Release|Any CPU
		{C8296691-5447-46CB-BE6C-4E21692FF36E}.Ad-Hoc|x86.ActiveCfg = Release|Any CPU
		{C8296691-5447-46CB-BE6C-4E21692FF36E}.Ad-Hoc|x86.Build.0 = Release|Any CPU
		{C8296691-5447-46CB-BE6C-4E21692FF36E}.Ad-Hoc|x86.Deploy.0 = Release|Any CPU
		{C8296691-5447-46CB-BE6C-4E21692FF36E}.AppStore|Any CPU.ActiveCfg = Release|Any CPU
		{C8296691-5447-46CB-BE6C-4E21692FF36E}.AppStore|Any CPU.Build.0 = Release|Any CPU
		{C8296691-5447-46CB-BE6C-4E21692FF36E}.AppStore|Any CPU.Deploy.0 = Release|Any CPU
		{C8296691-5447-46CB-BE6C-4E21692FF36E}.AppStore|ARM.ActiveCfg = Release|Any CPU
		{C8296691-5447-46CB-BE6C-4E21692FF36E}.AppStore|ARM.Build.0 = Release|Any CPU
		{C8296691-5447-46CB-BE6C-4E21692FF36E}.AppStore|ARM.Deploy.0 = Release|Any CPU
		{C8296691-5447-46CB-BE6C-4E21692FF36E}.AppStore|iPhone.ActiveCfg = Release|Any CPU
		{C8296691-5447-46CB-BE6C-4E21692FF36E}.AppStore|iPhone.Build.0 = Release|Any CPU
		{C8296691-5447-46CB-BE6C-4E21692FF36E}.AppStore|iPhone.Deploy.0 = Release|Any CPU
		{C8296691-5447-46CB-BE6C-4E21692FF36E}.AppStore|iPhoneSimulator.ActiveCfg = Release|Any CPU
		{C8296691-5447-46CB-BE6C-4E21692FF36E}.AppStore|iPhoneSimulator.Build.0 = Release|Any CPU
		{C8296691-5447-46CB-BE6C-4E21692FF36E}.AppStore|iPhoneSimulator.Deploy.0 = Release|Any CPU
		{C8296691-5447-46CB-BE6C-4E21692FF36E}.AppStore|x64.ActiveCfg = Release|Any CPU
		{C8296691-5447-46CB-BE6C-4E21692FF36E}.AppStore|x64.Build.0 = Release|Any CPU
		{C8296691-5447-46CB-BE6C-4E21692FF36E}.AppStore|x64.Deploy.0 = Release|Any CPU
		{C8296691-5447-46CB-BE6C-4E21692FF36E}.AppStore|x86.ActiveCfg = Release|Any CPU
		{C8296691-5447-46CB-BE6C-4E21692FF36E}.AppStore|x86.Build.0 = Release|Any CPU
		{C8296691-5447-46CB-BE6C-4E21692FF36E}.AppStore|x86.Deploy.0 = Release|Any CPU
		{C8296691-5447-46CB-BE6C-4E21692FF36E}.Debug|Any CPU.ActiveCfg = Debug|Any CPU
		{C8296691-5447-46CB-BE6C-4E21692FF36E}.Debug|Any CPU.Build.0 = Debug|Any CPU
		{C8296691-5447-46CB-BE6C-4E21692FF36E}.Debug|Any CPU.Deploy.0 = Debug|Any CPU
		{C8296691-5447-46CB-BE6C-4E21692FF36E}.Debug|ARM.ActiveCfg = Debug|Any CPU
		{C8296691-5447-46CB-BE6C-4E21692FF36E}.Debug|ARM.Build.0 = Debug|Any CPU
		{C8296691-5447-46CB-BE6C-4E21692FF36E}.Debug|ARM.Deploy.0 = Debug|Any CPU
		{C8296691-5447-46CB-BE6C-4E21692FF36E}.Debug|iPhone.ActiveCfg = Debug|Any CPU
		{C8296691-5447-46CB-BE6C-4E21692FF36E}.Debug|iPhone.Build.0 = Debug|Any CPU
		{C8296691-5447-46CB-BE6C-4E21692FF36E}.Debug|iPhone.Deploy.0 = Debug|Any CPU
		{C8296691-5447-46CB-BE6C-4E21692FF36E}.Debug|iPhoneSimulator.ActiveCfg = Debug|Any CPU
		{C8296691-5447-46CB-BE6C-4E21692FF36E}.Debug|iPhoneSimulator.Build.0 = Debug|Any CPU
		{C8296691-5447-46CB-BE6C-4E21692FF36E}.Debug|iPhoneSimulator.Deploy.0 = Debug|Any CPU
		{C8296691-5447-46CB-BE6C-4E21692FF36E}.Debug|x64.ActiveCfg = Debug|Any CPU
		{C8296691-5447-46CB-BE6C-4E21692FF36E}.Debug|x64.Build.0 = Debug|Any CPU
		{C8296691-5447-46CB-BE6C-4E21692FF36E}.Debug|x64.Deploy.0 = Debug|Any CPU
		{C8296691-5447-46CB-BE6C-4E21692FF36E}.Debug|x86.ActiveCfg = Debug|Any CPU
		{C8296691-5447-46CB-BE6C-4E21692FF36E}.Debug|x86.Build.0 = Debug|Any CPU
		{C8296691-5447-46CB-BE6C-4E21692FF36E}.Debug|x86.Deploy.0 = Debug|Any CPU
		{C8296691-5447-46CB-BE6C-4E21692FF36E}.Release|Any CPU.ActiveCfg = Release|Any CPU
		{C8296691-5447-46CB-BE6C-4E21692FF36E}.Release|Any CPU.Build.0 = Release|Any CPU
		{C8296691-5447-46CB-BE6C-4E21692FF36E}.Release|Any CPU.Deploy.0 = Release|Any CPU
		{C8296691-5447-46CB-BE6C-4E21692FF36E}.Release|ARM.ActiveCfg = Release|Any CPU
		{C8296691-5447-46CB-BE6C-4E21692FF36E}.Release|ARM.Build.0 = Release|Any CPU
		{C8296691-5447-46CB-BE6C-4E21692FF36E}.Release|ARM.Deploy.0 = Release|Any CPU
		{C8296691-5447-46CB-BE6C-4E21692FF36E}.Release|iPhone.ActiveCfg = Release|Any CPU
		{C8296691-5447-46CB-BE6C-4E21692FF36E}.Release|iPhone.Build.0 = Release|Any CPU
		{C8296691-5447-46CB-BE6C-4E21692FF36E}.Release|iPhone.Deploy.0 = Release|Any CPU
		{C8296691-5447-46CB-BE6C-4E21692FF36E}.Release|iPhoneSimulator.ActiveCfg = Release|Any CPU
		{C8296691-5447-46CB-BE6C-4E21692FF36E}.Release|iPhoneSimulator.Build.0 = Release|Any CPU
		{C8296691-5447-46CB-BE6C-4E21692FF36E}.Release|iPhoneSimulator.Deploy.0 = Release|Any CPU
		{C8296691-5447-46CB-BE6C-4E21692FF36E}.Release|x64.ActiveCfg = Release|Any CPU
		{C8296691-5447-46CB-BE6C-4E21692FF36E}.Release|x64.Build.0 = Release|Any CPU
		{C8296691-5447-46CB-BE6C-4E21692FF36E}.Release|x64.Deploy.0 = Release|Any CPU
		{C8296691-5447-46CB-BE6C-4E21692FF36E}.Release|x86.ActiveCfg = Release|Any CPU
		{C8296691-5447-46CB-BE6C-4E21692FF36E}.Release|x86.Build.0 = Release|Any CPU
		{C8296691-5447-46CB-BE6C-4E21692FF36E}.Release|x86.Deploy.0 = Release|Any CPU
		{4B91D4A7-A512-47B6-8E5B-A4250A412AB7}.Ad-Hoc|Any CPU.ActiveCfg = Ad-Hoc|iPhone
		{4B91D4A7-A512-47B6-8E5B-A4250A412AB7}.Ad-Hoc|ARM.ActiveCfg = Ad-Hoc|iPhone
		{4B91D4A7-A512-47B6-8E5B-A4250A412AB7}.Ad-Hoc|iPhone.ActiveCfg = Ad-Hoc|iPhone
		{4B91D4A7-A512-47B6-8E5B-A4250A412AB7}.Ad-Hoc|iPhone.Build.0 = Ad-Hoc|iPhone
		{4B91D4A7-A512-47B6-8E5B-A4250A412AB7}.Ad-Hoc|iPhoneSimulator.ActiveCfg = Ad-Hoc|iPhoneSimulator
		{4B91D4A7-A512-47B6-8E5B-A4250A412AB7}.Ad-Hoc|iPhoneSimulator.Build.0 = Ad-Hoc|iPhoneSimulator
		{4B91D4A7-A512-47B6-8E5B-A4250A412AB7}.Ad-Hoc|x64.ActiveCfg = Ad-Hoc|iPhone
		{4B91D4A7-A512-47B6-8E5B-A4250A412AB7}.Ad-Hoc|x86.ActiveCfg = Ad-Hoc|iPhone
		{4B91D4A7-A512-47B6-8E5B-A4250A412AB7}.AppStore|Any CPU.ActiveCfg = AppStore|iPhone
		{4B91D4A7-A512-47B6-8E5B-A4250A412AB7}.AppStore|ARM.ActiveCfg = AppStore|iPhone
		{4B91D4A7-A512-47B6-8E5B-A4250A412AB7}.AppStore|iPhone.ActiveCfg = AppStore|iPhone
		{4B91D4A7-A512-47B6-8E5B-A4250A412AB7}.AppStore|iPhone.Build.0 = AppStore|iPhone
		{4B91D4A7-A512-47B6-8E5B-A4250A412AB7}.AppStore|iPhoneSimulator.ActiveCfg = AppStore|iPhoneSimulator
		{4B91D4A7-A512-47B6-8E5B-A4250A412AB7}.AppStore|iPhoneSimulator.Build.0 = AppStore|iPhoneSimulator
		{4B91D4A7-A512-47B6-8E5B-A4250A412AB7}.AppStore|x64.ActiveCfg = AppStore|iPhone
		{4B91D4A7-A512-47B6-8E5B-A4250A412AB7}.AppStore|x86.ActiveCfg = AppStore|iPhone
		{4B91D4A7-A512-47B6-8E5B-A4250A412AB7}.Debug|Any CPU.ActiveCfg = Debug|iPhone
		{4B91D4A7-A512-47B6-8E5B-A4250A412AB7}.Debug|ARM.ActiveCfg = Debug|iPhone
		{4B91D4A7-A512-47B6-8E5B-A4250A412AB7}.Debug|iPhone.ActiveCfg = Debug|iPhone
		{4B91D4A7-A512-47B6-8E5B-A4250A412AB7}.Debug|iPhone.Build.0 = Debug|iPhone
		{4B91D4A7-A512-47B6-8E5B-A4250A412AB7}.Debug|iPhoneSimulator.ActiveCfg = Debug|iPhoneSimulator
		{4B91D4A7-A512-47B6-8E5B-A4250A412AB7}.Debug|iPhoneSimulator.Build.0 = Debug|iPhoneSimulator
		{4B91D4A7-A512-47B6-8E5B-A4250A412AB7}.Debug|x64.ActiveCfg = Debug|iPhone
		{4B91D4A7-A512-47B6-8E5B-A4250A412AB7}.Debug|x86.ActiveCfg = Debug|iPhone
		{4B91D4A7-A512-47B6-8E5B-A4250A412AB7}.Release|Any CPU.ActiveCfg = Release|iPhone
		{4B91D4A7-A512-47B6-8E5B-A4250A412AB7}.Release|ARM.ActiveCfg = Release|iPhone
		{4B91D4A7-A512-47B6-8E5B-A4250A412AB7}.Release|iPhone.ActiveCfg = Release|iPhone
		{4B91D4A7-A512-47B6-8E5B-A4250A412AB7}.Release|iPhone.Build.0 = Release|iPhone
		{4B91D4A7-A512-47B6-8E5B-A4250A412AB7}.Release|iPhoneSimulator.ActiveCfg = Release|iPhoneSimulator
		{4B91D4A7-A512-47B6-8E5B-A4250A412AB7}.Release|iPhoneSimulator.Build.0 = Release|iPhoneSimulator
		{4B91D4A7-A512-47B6-8E5B-A4250A412AB7}.Release|x64.ActiveCfg = Release|iPhone
		{4B91D4A7-A512-47B6-8E5B-A4250A412AB7}.Release|x86.ActiveCfg = Release|iPhone
		{7ED4CD63-DC9E-4050-9EBD-98C050A46582}.Ad-Hoc|Any CPU.ActiveCfg = Release|x86
		{7ED4CD63-DC9E-4050-9EBD-98C050A46582}.Ad-Hoc|Any CPU.Build.0 = Release|x86
		{7ED4CD63-DC9E-4050-9EBD-98C050A46582}.Ad-Hoc|Any CPU.Deploy.0 = Release|x86
		{7ED4CD63-DC9E-4050-9EBD-98C050A46582}.Ad-Hoc|ARM.ActiveCfg = Release|ARM
		{7ED4CD63-DC9E-4050-9EBD-98C050A46582}.Ad-Hoc|ARM.Build.0 = Release|ARM
		{7ED4CD63-DC9E-4050-9EBD-98C050A46582}.Ad-Hoc|ARM.Deploy.0 = Release|ARM
		{7ED4CD63-DC9E-4050-9EBD-98C050A46582}.Ad-Hoc|iPhone.ActiveCfg = Release|x86
		{7ED4CD63-DC9E-4050-9EBD-98C050A46582}.Ad-Hoc|iPhone.Build.0 = Release|x86
		{7ED4CD63-DC9E-4050-9EBD-98C050A46582}.Ad-Hoc|iPhone.Deploy.0 = Release|x86
		{7ED4CD63-DC9E-4050-9EBD-98C050A46582}.Ad-Hoc|iPhoneSimulator.ActiveCfg = Release|x86
		{7ED4CD63-DC9E-4050-9EBD-98C050A46582}.Ad-Hoc|iPhoneSimulator.Build.0 = Release|x86
		{7ED4CD63-DC9E-4050-9EBD-98C050A46582}.Ad-Hoc|iPhoneSimulator.Deploy.0 = Release|x86
		{7ED4CD63-DC9E-4050-9EBD-98C050A46582}.Ad-Hoc|x64.ActiveCfg = Release|x64
		{7ED4CD63-DC9E-4050-9EBD-98C050A46582}.Ad-Hoc|x64.Build.0 = Release|x64
		{7ED4CD63-DC9E-4050-9EBD-98C050A46582}.Ad-Hoc|x64.Deploy.0 = Release|x64
		{7ED4CD63-DC9E-4050-9EBD-98C050A46582}.Ad-Hoc|x86.ActiveCfg = Release|x86
		{7ED4CD63-DC9E-4050-9EBD-98C050A46582}.Ad-Hoc|x86.Build.0 = Release|x86
		{7ED4CD63-DC9E-4050-9EBD-98C050A46582}.Ad-Hoc|x86.Deploy.0 = Release|x86
		{7ED4CD63-DC9E-4050-9EBD-98C050A46582}.AppStore|Any CPU.ActiveCfg = Release|x86
		{7ED4CD63-DC9E-4050-9EBD-98C050A46582}.AppStore|Any CPU.Build.0 = Release|x86
		{7ED4CD63-DC9E-4050-9EBD-98C050A46582}.AppStore|Any CPU.Deploy.0 = Release|x86
		{7ED4CD63-DC9E-4050-9EBD-98C050A46582}.AppStore|ARM.ActiveCfg = Release|ARM
		{7ED4CD63-DC9E-4050-9EBD-98C050A46582}.AppStore|ARM.Build.0 = Release|ARM
		{7ED4CD63-DC9E-4050-9EBD-98C050A46582}.AppStore|ARM.Deploy.0 = Release|ARM
		{7ED4CD63-DC9E-4050-9EBD-98C050A46582}.AppStore|iPhone.ActiveCfg = Release|x86
		{7ED4CD63-DC9E-4050-9EBD-98C050A46582}.AppStore|iPhone.Build.0 = Release|x86
		{7ED4CD63-DC9E-4050-9EBD-98C050A46582}.AppStore|iPhone.Deploy.0 = Release|x86
		{7ED4CD63-DC9E-4050-9EBD-98C050A46582}.AppStore|iPhoneSimulator.ActiveCfg = Release|x86
		{7ED4CD63-DC9E-4050-9EBD-98C050A46582}.AppStore|iPhoneSimulator.Build.0 = Release|x86
		{7ED4CD63-DC9E-4050-9EBD-98C050A46582}.AppStore|iPhoneSimulator.Deploy.0 = Release|x86
		{7ED4CD63-DC9E-4050-9EBD-98C050A46582}.AppStore|x64.ActiveCfg = Release|x64
		{7ED4CD63-DC9E-4050-9EBD-98C050A46582}.AppStore|x64.Build.0 = Release|x64
		{7ED4CD63-DC9E-4050-9EBD-98C050A46582}.AppStore|x64.Deploy.0 = Release|x64
		{7ED4CD63-DC9E-4050-9EBD-98C050A46582}.AppStore|x86.ActiveCfg = Release|x86
		{7ED4CD63-DC9E-4050-9EBD-98C050A46582}.AppStore|x86.Build.0 = Release|x86
		{7ED4CD63-DC9E-4050-9EBD-98C050A46582}.AppStore|x86.Deploy.0 = Release|x86
		{7ED4CD63-DC9E-4050-9EBD-98C050A46582}.Debug|Any CPU.ActiveCfg = Debug|x86
		{7ED4CD63-DC9E-4050-9EBD-98C050A46582}.Debug|ARM.ActiveCfg = Debug|ARM
		{7ED4CD63-DC9E-4050-9EBD-98C050A46582}.Debug|ARM.Build.0 = Debug|ARM
		{7ED4CD63-DC9E-4050-9EBD-98C050A46582}.Debug|ARM.Deploy.0 = Debug|ARM
		{7ED4CD63-DC9E-4050-9EBD-98C050A46582}.Debug|iPhone.ActiveCfg = Debug|x86
		{7ED4CD63-DC9E-4050-9EBD-98C050A46582}.Debug|iPhoneSimulator.ActiveCfg = Debug|x86
		{7ED4CD63-DC9E-4050-9EBD-98C050A46582}.Debug|x64.ActiveCfg = Debug|x64
		{7ED4CD63-DC9E-4050-9EBD-98C050A46582}.Debug|x64.Build.0 = Debug|x64
		{7ED4CD63-DC9E-4050-9EBD-98C050A46582}.Debug|x64.Deploy.0 = Debug|x64
		{7ED4CD63-DC9E-4050-9EBD-98C050A46582}.Debug|x86.ActiveCfg = Debug|x86
		{7ED4CD63-DC9E-4050-9EBD-98C050A46582}.Debug|x86.Build.0 = Debug|x86
		{7ED4CD63-DC9E-4050-9EBD-98C050A46582}.Debug|x86.Deploy.0 = Debug|x86
		{7ED4CD63-DC9E-4050-9EBD-98C050A46582}.Release|Any CPU.ActiveCfg = Release|x86
		{7ED4CD63-DC9E-4050-9EBD-98C050A46582}.Release|ARM.ActiveCfg = Release|ARM
		{7ED4CD63-DC9E-4050-9EBD-98C050A46582}.Release|ARM.Build.0 = Release|ARM
		{7ED4CD63-DC9E-4050-9EBD-98C050A46582}.Release|ARM.Deploy.0 = Release|ARM
		{7ED4CD63-DC9E-4050-9EBD-98C050A46582}.Release|iPhone.ActiveCfg = Release|x86
		{7ED4CD63-DC9E-4050-9EBD-98C050A46582}.Release|iPhoneSimulator.ActiveCfg = Release|x86
		{7ED4CD63-DC9E-4050-9EBD-98C050A46582}.Release|x64.ActiveCfg = Release|x64
		{7ED4CD63-DC9E-4050-9EBD-98C050A46582}.Release|x64.Build.0 = Release|x64
		{7ED4CD63-DC9E-4050-9EBD-98C050A46582}.Release|x64.Deploy.0 = Release|x64
		{7ED4CD63-DC9E-4050-9EBD-98C050A46582}.Release|x86.ActiveCfg = Release|x86
		{7ED4CD63-DC9E-4050-9EBD-98C050A46582}.Release|x86.Build.0 = Release|x86
		{7ED4CD63-DC9E-4050-9EBD-98C050A46582}.Release|x86.Deploy.0 = Release|x86
	EndGlobalSection
	GlobalSection(SolutionProperties) = preSolution
		HideSolutionNode = FALSE
	EndGlobalSection
	GlobalSection(ExtensibilityGlobals) = postSolution
		SolutionGuid = {F8722463-50A1-46DB-9BA1-AB1706717AB3}
	EndGlobalSection
EndGlobal
